// !$*UTF8*$!
{
	archiveVersion = 1;
	classes = {
	};
	objectVersion = 46;
	objects = {

/* Begin PBXBuildFile section */
		41DE17EF1DF5E8E800D2F615 /* Warpify.m in Sources */ = {isa = PBXBuildFile; fileRef = 41DE17EE1DF5E8E800D2F615 /* Warpify.m */; };
		41DE180B1DF5FB2B00D2F615 /* WarpifyManager.m in Sources */ = {isa = PBXBuildFile; fileRef = 41DE180A1DF5FB2B00D2F615 /* WarpifyManager.m */; };
/* End PBXBuildFile section */

/* Begin PBXCopyFilesBuildPhase section */
		41DE17DE1DF5E76D00D2F615 /* CopyFiles */ = {
			isa = PBXCopyFilesBuildPhase;
			buildActionMask = 2147483647;
			dstPath = "include/$(PRODUCT_NAME)";
			dstSubfolderSpec = 16;
			files = (
			);
			runOnlyForDeploymentPostprocessing = 0;
		};
/* End PBXCopyFilesBuildPhase section */

/* Begin PBXFileReference section */
		41DE17E01DF5E76D00D2F615 /* libWarpify.a */ = {isa = PBXFileReference; explicitFileType = archive.ar; includeInIndex = 0; path = libWarpify.a; sourceTree = BUILT_PRODUCTS_DIR; };
		41DE17ED1DF5E8E800D2F615 /* Warpify.h */ = {isa = PBXFileReference; fileEncoding = 4; lastKnownFileType = sourcecode.c.h; path = Warpify.h; sourceTree = SOURCE_ROOT; };
		41DE17EE1DF5E8E800D2F615 /* Warpify.m */ = {isa = PBXFileReference; fileEncoding = 4; lastKnownFileType = sourcecode.c.objc; path = Warpify.m; sourceTree = SOURCE_ROOT; };
		41DE180A1DF5FB2B00D2F615 /* WarpifyManager.m */ = {isa = PBXFileReference; fileEncoding = 4; lastKnownFileType = sourcecode.c.objc; path = WarpifyManager.m; sourceTree = SOURCE_ROOT; };
/* End PBXFileReference section */

/* Begin PBXFrameworksBuildPhase section */
		41DE17DD1DF5E76D00D2F615 /* Frameworks */ = {
			isa = PBXFrameworksBuildPhase;
			buildActionMask = 2147483647;
			files = (
			);
			runOnlyForDeploymentPostprocessing = 0;
		};
/* End PBXFrameworksBuildPhase section */

/* Begin PBXGroup section */
		41DE17D71DF5E76D00D2F615 = {
			isa = PBXGroup;
			children = (
				41DE17ED1DF5E8E800D2F615 /* Warpify.h */,
				41DE17EE1DF5E8E800D2F615 /* Warpify.m */,
				41DE180A1DF5FB2B00D2F615 /* WarpifyManager.m */,
				41DE17E11DF5E76D00D2F615 /* Products */,
			);
			sourceTree = "<group>";
		};
		41DE17E11DF5E76D00D2F615 /* Products */ = {
			isa = PBXGroup;
			children = (
				41DE17E01DF5E76D00D2F615 /* libWarpify.a */,
			);
			name = Products;
			sourceTree = "<group>";
		};
/* End PBXGroup section */

/* Begin PBXNativeTarget section */
		41DE17DF1DF5E76D00D2F615 /* Warpify */ = {
			isa = PBXNativeTarget;
			buildConfigurationList = 41DE17E91DF5E76D00D2F615 /* Build configuration list for PBXNativeTarget "Warpify" */;
			buildPhases = (
				41DE17DC1DF5E76D00D2F615 /* Sources */,
				41DE17DD1DF5E76D00D2F615 /* Frameworks */,
				41DE17DE1DF5E76D00D2F615 /* CopyFiles */,
			);
			buildRules = (
			);
			dependencies = (
			);
			name = Warpify;
			productName = Warpdrive;
			productReference = 41DE17E01DF5E76D00D2F615 /* libWarpify.a */;
			productType = "com.apple.product-type.library.static";
		};
/* End PBXNativeTarget section */

/* Begin PBXProject section */
		41DE17D81DF5E76D00D2F615 /* Project object */ = {
			isa = PBXProject;
			attributes = {
				LastUpgradeCheck = 0810;
				ORGANIZATIONNAME = "Ali Najafizadeh";
				TargetAttributes = {
					41DE17DF1DF5E76D00D2F615 = {
						CreatedOnToolsVersion = 8.1;
						ProvisioningStyle = Automatic;
					};
				};
			};
			buildConfigurationList = 41DE17DB1DF5E76D00D2F615 /* Build configuration list for PBXProject "Warpify" */;
			compatibilityVersion = "Xcode 3.2";
			developmentRegion = English;
			hasScannedForEncodings = 0;
			knownRegions = (
				en,
			);
			mainGroup = 41DE17D71DF5E76D00D2F615;
			productRefGroup = 41DE17E11DF5E76D00D2F615 /* Products */;
			projectDirPath = "";
			projectRoot = "";
			targets = (
				41DE17DF1DF5E76D00D2F615 /* Warpify */,
			);
		};
/* End PBXProject section */

/* Begin PBXSourcesBuildPhase section */
		41DE17DC1DF5E76D00D2F615 /* Sources */ = {
			isa = PBXSourcesBuildPhase;
			buildActionMask = 2147483647;
			files = (
				41DE180B1DF5FB2B00D2F615 /* WarpifyManager.m in Sources */,
				41DE17EF1DF5E8E800D2F615 /* Warpify.m in Sources */,
			);
			runOnlyForDeploymentPostprocessing = 0;
		};
/* End PBXSourcesBuildPhase section */

/* Begin XCBuildConfiguration section */
		41DE17E71DF5E76D00D2F615 /* Debug */ = {
			isa = XCBuildConfiguration;
			buildSettings = {
				ALWAYS_SEARCH_USER_PATHS = NO;
				CLANG_ANALYZER_NONNULL = YES;
				CLANG_CXX_LANGUAGE_STANDARD = "gnu++0x";
				CLANG_CXX_LIBRARY = "libc++";
				CLANG_ENABLE_MODULES = YES;
				CLANG_ENABLE_OBJC_ARC = YES;
				CLANG_WARN_BOOL_CONVERSION = YES;
				CLANG_WARN_CONSTANT_CONVERSION = YES;
				CLANG_WARN_DIRECT_OBJC_ISA_USAGE = YES_ERROR;
				CLANG_WARN_DOCUMENTATION_COMMENTS = YES;
				CLANG_WARN_EMPTY_BODY = YES;
				CLANG_WARN_ENUM_CONVERSION = YES;
				CLANG_WARN_INFINITE_RECURSION = YES;
				CLANG_WARN_INT_CONVERSION = YES;
				CLANG_WARN_OBJC_ROOT_CLASS = YES_ERROR;
				CLANG_WARN_SUSPICIOUS_MOVES = YES;
				CLANG_WARN_UNREACHABLE_CODE = YES;
				CLANG_WARN__DUPLICATE_METHOD_MATCH = YES;
				"CODE_SIGN_IDENTITY[sdk=iphoneos*]" = "iPhone Developer";
				COPY_PHASE_STRIP = NO;
				DEBUG_INFORMATION_FORMAT = dwarf;
				ENABLE_STRICT_OBJC_MSGSEND = YES;
				ENABLE_TESTABILITY = YES;
				GCC_C_LANGUAGE_STANDARD = gnu99;
				GCC_DYNAMIC_NO_PIC = NO;
				GCC_NO_COMMON_BLOCKS = YES;
				GCC_OPTIMIZATION_LEVEL = 0;
				GCC_PREPROCESSOR_DEFINITIONS = (
					"DEBUG=1",
					"$(inherited)",
				);
				GCC_WARN_64_TO_32_BIT_CONVERSION = YES;
				GCC_WARN_ABOUT_RETURN_TYPE = YES_ERROR;
				GCC_WARN_UNDECLARED_SELECTOR = YES;
				GCC_WARN_UNINITIALIZED_AUTOS = YES_AGGRESSIVE;
				GCC_WARN_UNUSED_FUNCTION = YES;
				GCC_WARN_UNUSED_VARIABLE = YES;
				HEADER_SEARCH_PATHS = (
					"$(SRCROOT)/../../../node_modules/React/**",
					"$(SRCROOT)/../../../node_modules/react-native/React/**",
				);
				IPHONEOS_DEPLOYMENT_TARGET = 10.1;
				MTL_ENABLE_DEBUG_INFO = YES;
				ONLY_ACTIVE_ARCH = YES;
				SDKROOT = iphoneos;
			};
			name = Debug;
		};
		41DE17E81DF5E76D00D2F615 /* Release */ = {
			isa = XCBuildConfiguration;
			buildSettings = {
				ALWAYS_SEARCH_USER_PATHS = NO;
				CLANG_ANALYZER_NONNULL = YES;
				CLANG_CXX_LANGUAGE_STANDARD = "gnu++0x";
				CLANG_CXX_LIBRARY = "libc++";
				CLANG_ENABLE_MODULES = YES;
				CLANG_ENABLE_OBJC_ARC = YES;
				CLANG_WARN_BOOL_CONVERSION = YES;
				CLANG_WARN_CONSTANT_CONVERSION = YES;
				CLANG_WARN_DIRECT_OBJC_ISA_USAGE = YES_ERROR;
				CLANG_WARN_DOCUMENTATION_COMMENTS = YES;
				CLANG_WARN_EMPTY_BODY = YES;
				CLANG_WARN_ENUM_CONVERSION = YES;
				CLANG_WARN_INFINITE_RECURSION = YES;
				CLANG_WARN_INT_CONVERSION = YES;
				CLANG_WARN_OBJC_ROOT_CLASS = YES_ERROR;
				CLANG_WARN_SUSPICIOUS_MOVES = YES;
				CLANG_WARN_UNREACHABLE_CODE = YES;
				CLANG_WARN__DUPLICATE_METHOD_MATCH = YES;
				"CODE_SIGN_IDENTITY[sdk=iphoneos*]" = "iPhone Developer";
				COPY_PHASE_STRIP = NO;
				DEBUG_INFORMATION_FORMAT = "dwarf-with-dsym";
				ENABLE_NS_ASSERTIONS = NO;
				ENABLE_STRICT_OBJC_MSGSEND = YES;
				GCC_C_LANGUAGE_STANDARD = gnu99;
				GCC_NO_COMMON_BLOCKS = YES;
				GCC_WARN_64_TO_32_BIT_CONVERSION = YES;
				GCC_WARN_ABOUT_RETURN_TYPE = YES_ERROR;
				GCC_WARN_UNDECLARED_SELECTOR = YES;
				GCC_WARN_UNINITIALIZED_AUTOS = YES_AGGRESSIVE;
				GCC_WARN_UNUSED_FUNCTION = YES;
				GCC_WARN_UNUSED_VARIABLE = YES;
				HEADER_SEARCH_PATHS = (
					"$(SRCROOT)/../../../node_modules/React/**",
					"$(SRCROOT)/../../../node_modules/react-native/React/**",
				);
				IPHONEOS_DEPLOYMENT_TARGET = 10.1;
				MTL_ENABLE_DEBUG_INFO = NO;
				SDKROOT = iphoneos;
				VALIDATE_PRODUCT = YES;
			};
			name = Release;
		};
		41DE17EA1DF5E76D00D2F615 /* Debug */ = {
			isa = XCBuildConfiguration;
			buildSettings = {
				FRAMEWORK_SEARCH_PATHS = (
					"$(inherited)",
					"$(PROJECT_DIR)",
				);
				OTHER_LDFLAGS = "-ObjC";
				PRODUCT_NAME = "$(TARGET_NAME)";
				SKIP_INSTALL = YES;
			};
			name = Debug;
		};
		41DE17EB1DF5E76D00D2F615 /* Release */ = {
			isa = XCBuildConfiguration;
			buildSettings = {
				FRAMEWORK_SEARCH_PATHS = (
					"$(inherited)",
					"$(PROJECT_DIR)",
				);
				OTHER_LDFLAGS = "-ObjC";
				PRODUCT_NAME = "$(TARGET_NAME)";
				SKIP_INSTALL = YES;
			};
			name = Release;
		};
/* End XCBuildConfiguration section */

/* Begin XCConfigurationList section */
		41DE17DB1DF5E76D00D2F615 /* Build configuration list for PBXProject "Warpify" */ = {
			isa = XCConfigurationList;
			buildConfigurations = (
				41DE17E71DF5E76D00D2F615 /* Debug */,
				41DE17E81DF5E76D00D2F615 /* Release */,
			);
			defaultConfigurationIsVisible = 0;
			defaultConfigurationName = Release;
		};
		41DE17E91DF5E76D00D2F615 /* Build configuration list for PBXNativeTarget "Warpify" */ = {
			isa = XCConfigurationList;
			buildConfigurations = (
				41DE17EA1DF5E76D00D2F615 /* Debug */,
				41DE17EB1DF5E76D00D2F615 /* Release */,
			);
			defaultConfigurationIsVisible = 0;
			defaultConfigurationName = Release;
		};
/* End XCConfigurationList section */
	};
	rootObject = 41DE17D81DF5E76D00D2F615 /* Project object */;
}
